
Microsoft Visual Studio Solution File, Format Version 12.00
# Visual Studio Version 16
VisualStudioVersion = 16.0.29709.97
MinimumVisualStudioVersion = 10.0.40219.1
Project("{FAE04EC0-301F-11D3-BF4B-00C04F79EFBC}") = "PlaystationRenamer", "PlaystationRenamer.csproj", "{569609D2-3045-45E8-8313-9FAAB5E3634A}"
EndProject
Global
	GlobalSection(SolutionConfigurationPlatforms) = preSolution
		Debug|Any CPU = Debug|Any CPU
		Release|Any CPU = Release|Any CPU
	EndGlobalSection
	GlobalSection(ProjectConfigurationPlatforms) = postSolution
		{569609D2-3045-45E8-8313-9FAAB5E3634A}.Debug|Any CPU.ActiveCfg = Debug|Any CPU
		{569609D2-3045-45E8-8313-9FAAB5E3634A}.Debug|Any CPU.Build.0 = Debug|Any CPU
		{569609D2-3045-45E8-8313-9FAAB5E3634A}.Release|Any CPU.ActiveCfg = Release|Any CPU
		{569609D2-3045-45E8-8313-9FAAB5E3634A}.Release|Any CPU.Build.0 = Release|Any CPU
	EndGlobalSection
	GlobalSection(SolutionProperties) = preSolution
		HideSolutionNode = FALSE
	EndGlobalSection
	GlobalSection(ExtensibilityGlobals) = postSolution
		SolutionGuid = {CC3283F5-1C97-4A9F-AC23-C3E8A85403C9}
	EndGlobalSection
EndGlobal
